{
  "pins" : [
    {
      "identity" : "challengebase",
      "kind" : "remoteSourceControl",
      "location" : "https://github.com/Kaitachi/ChallengeBase",
      "state" : {
        "branch" : "main",
        "revision" : "471a578c4d1f6f27e9d26fcdb9b479544f3b96d2"
      }
    }
  ],
  "version" : 2
}
