{
  "pins" : [
    {
      "identity" : "challengebase",
      "kind" : "remoteSourceControl",
      "location" : "https://github.com/Kaitachi/ChallengeBase",
      "state" : {
        "branch" : "main",
        "revision" : "9f3194b4ce1ab47d8a952390fd6f7783b04d2efe"
      }
    }
  ],
  "version" : 2
}
