{
  "pins" : [
    {
      "identity" : "challengebase",
      "kind" : "remoteSourceControl",
      "location" : "https://github.com/Kaitachi/ChallengeBase",
      "state" : {
        "branch" : "main",
        "revision" : "6f7ec02c0ce76b98d7d5d2c0d9ad52d91da8304a"
      }
    }
  ],
  "version" : 2
}
